
Microsoft Visual Studio Solution File, Format Version 12.00
# Visual Studio 15
VisualStudioVersion = 15.0.28307.168
MinimumVisualStudioVersion = 10.0.40219.1
Project("{8BC9CEB8-8B4A-11D0-8D11-00A0C91BC942}") = "MergeSort", "MergeSort\MergeSort.vcxproj", "{FDC65680-69DF-47C8-8953-63788581762A}"
EndProject
Project("{8BC9CEB8-8B4A-11D0-8D11-00A0C91BC942}") = "EnumSubset", "EnumSubset\EnumSubset.vcxproj", "{D96FDFB7-0480-49CC-AF15-DE78D3706026}"
EndProject
Project("{8BC9CEB8-8B4A-11D0-8D11-00A0C91BC942}") = "QuickSort", "QuickSort\QuickSort.vcxproj", "{F2FAEB4B-4DBE-4E82-8BB1-BB8A6545F52A}"
EndProject
Project("{8BC9CEB8-8B4A-11D0-8D11-00A0C91BC942}") = "Permutation", "Permutation\Permutation.vcxproj", "{F4CAC718-9D69-49F0-A4B2-53B66365087D}"
EndProject
Project("{8BC9CEB8-8B4A-11D0-8D11-00A0C91BC942}") = "GCD and LCM", "GCD and LCM\GCD and LCM.vcxproj", "{8E2B30FA-5DDD-419A-B931-0ED6E0101B5C}"
EndProject
Project("{8BC9CEB8-8B4A-11D0-8D11-00A0C91BC942}") = "ExtGCD", "ExtGCD\ExtGCD.vcxproj", "{97463534-7773-4A53-B38E-E0508BD3B266}"
EndProject
Project("{8BC9CEB8-8B4A-11D0-8D11-00A0C91BC942}") = "Prime", "Prime\Prime.vcxproj", "{4763A200-BC69-4B09-B1B4-3183B591B680}"
EndProject
Project("{8BC9CEB8-8B4A-11D0-8D11-00A0C91BC942}") = "PrimeSieve", "PrimeSieve\PrimeSieve.vcxproj", "{A31C6F14-C12F-4879-800C-E54CD7C5CFC1}"
EndProject
Project("{8BC9CEB8-8B4A-11D0-8D11-00A0C91BC942}") = "PrimeSegmentSieve", "PrimeSegmentSieve\PrimeSegmentSieve.vcxproj", "{4815C4BF-9800-4A2C-90CB-7F77BFB49D58}"
EndProject
Project("{8BC9CEB8-8B4A-11D0-8D11-00A0C91BC942}") = "BinarySearch", "BinarySearch\BinarySearch.vcxproj", "{E1D8E1B0-E4A2-4D48-82D8-5D945994C86B}"
EndProject
Project("{8BC9CEB8-8B4A-11D0-8D11-00A0C91BC942}") = "DFS", "DFS\DFS.vcxproj", "{87FA2E0B-B553-4FBE-A4E4-D5C4390A3F17}"
EndProject
Project("{8BC9CEB8-8B4A-11D0-8D11-00A0C91BC942}") = "BFS", "BFS\BFS.vcxproj", "{A64B3C92-618E-4E3B-A685-14B3D0BFC370}"
EndProject
Project("{8BC9CEB8-8B4A-11D0-8D11-00A0C91BC942}") = "Bellman-Ford", "Bellman-Ford\Bellman-Ford.vcxproj", "{4EA69A23-6739-41D6-9A49-EB2378EB0FFC}"
EndProject
Project("{8BC9CEB8-8B4A-11D0-8D11-00A0C91BC942}") = "Dijkstra", "Dijkstra\Dijkstra.vcxproj", "{38620945-641E-4BE0-91BC-2A513F6CC5B2}"
EndProject
Project("{8BC9CEB8-8B4A-11D0-8D11-00A0C91BC942}") = "DijkstraPriorityQueue", "DijkstraPriorityQueue\DijkstraPriorityQueue.vcxproj", "{702D593C-4836-4EA2-9FB2-A0325883A9A5}"
EndProject
Project("{8BC9CEB8-8B4A-11D0-8D11-00A0C91BC942}") = "Folyd-Warshall", "Folyd-Warshall\Folyd-Warshall.vcxproj", "{E5A47025-2964-4929-B2A9-E74AEDDA1859}"
EndProject
Project("{8BC9CEB8-8B4A-11D0-8D11-00A0C91BC942}") = "GetShortestPath", "GetShortestPath\GetShortestPath.vcxproj", "{27308B7C-0996-4CF6-A1FE-F3A58A4429A8}"
EndProject
Project("{8BC9CEB8-8B4A-11D0-8D11-00A0C91BC942}") = "Prim", "Prim\Prim.vcxproj", "{1B1487E1-621F-4507-B3FF-7F02970CFA46}"
EndProject
Project("{8BC9CEB8-8B4A-11D0-8D11-00A0C91BC942}") = "Fibonacci", "Fibonacci\Fibonacci.vcxproj", "{8CCFE18D-C507-4A25-9886-2C399527AABB}"
EndProject
Project("{8BC9CEB8-8B4A-11D0-8D11-00A0C91BC942}") = "Kruskal", "Kruskal\Kruskal.vcxproj", "{8D8D4FB1-9427-475D-A66F-C13F582E4FD7}"
EndProject
Project("{8BC9CEB8-8B4A-11D0-8D11-00A0C91BC942}") = "BubbleSort", "BubbleSort\BubbleSort.vcxproj", "{19DB8E9A-3CAE-4D48-88C4-FFB66E03DFAA}"
EndProject
Project("{8BC9CEB8-8B4A-11D0-8D11-00A0C91BC942}") = "InsertionSort", "InsertionSort\InsertionSort.vcxproj", "{E5D9D2D9-144E-41B4-A336-306AB34F1497}"
EndProject
Global
	GlobalSection(SolutionConfigurationPlatforms) = preSolution
		Debug|x64 = Debug|x64
		Debug|x86 = Debug|x86
		Release|x64 = Release|x64
		Release|x86 = Release|x86
	EndGlobalSection
	GlobalSection(ProjectConfigurationPlatforms) = postSolution
		{FDC65680-69DF-47C8-8953-63788581762A}.Debug|x64.ActiveCfg = Debug|x64
		{FDC65680-69DF-47C8-8953-63788581762A}.Debug|x64.Build.0 = Debug|x64
		{FDC65680-69DF-47C8-8953-63788581762A}.Debug|x86.ActiveCfg = Debug|Win32
		{FDC65680-69DF-47C8-8953-63788581762A}.Debug|x86.Build.0 = Debug|Win32
		{FDC65680-69DF-47C8-8953-63788581762A}.Release|x64.ActiveCfg = Release|x64
		{FDC65680-69DF-47C8-8953-63788581762A}.Release|x64.Build.0 = Release|x64
		{FDC65680-69DF-47C8-8953-63788581762A}.Release|x86.ActiveCfg = Release|Win32
		{FDC65680-69DF-47C8-8953-63788581762A}.Release|x86.Build.0 = Release|Win32
		{D96FDFB7-0480-49CC-AF15-DE78D3706026}.Debug|x64.ActiveCfg = Debug|x64
		{D96FDFB7-0480-49CC-AF15-DE78D3706026}.Debug|x64.Build.0 = Debug|x64
		{D96FDFB7-0480-49CC-AF15-DE78D3706026}.Debug|x86.ActiveCfg = Debug|Win32
		{D96FDFB7-0480-49CC-AF15-DE78D3706026}.Debug|x86.Build.0 = Debug|Win32
		{D96FDFB7-0480-49CC-AF15-DE78D3706026}.Release|x64.ActiveCfg = Release|x64
		{D96FDFB7-0480-49CC-AF15-DE78D3706026}.Release|x64.Build.0 = Release|x64
		{D96FDFB7-0480-49CC-AF15-DE78D3706026}.Release|x86.ActiveCfg = Release|Win32
		{D96FDFB7-0480-49CC-AF15-DE78D3706026}.Release|x86.Build.0 = Release|Win32
		{F2FAEB4B-4DBE-4E82-8BB1-BB8A6545F52A}.Debug|x64.ActiveCfg = Debug|x64
		{F2FAEB4B-4DBE-4E82-8BB1-BB8A6545F52A}.Debug|x64.Build.0 = Debug|x64
		{F2FAEB4B-4DBE-4E82-8BB1-BB8A6545F52A}.Debug|x86.ActiveCfg = Debug|Win32
		{F2FAEB4B-4DBE-4E82-8BB1-BB8A6545F52A}.Debug|x86.Build.0 = Debug|Win32
		{F2FAEB4B-4DBE-4E82-8BB1-BB8A6545F52A}.Release|x64.ActiveCfg = Release|x64
		{F2FAEB4B-4DBE-4E82-8BB1-BB8A6545F52A}.Release|x64.Build.0 = Release|x64
		{F2FAEB4B-4DBE-4E82-8BB1-BB8A6545F52A}.Release|x86.ActiveCfg = Release|Win32
		{F2FAEB4B-4DBE-4E82-8BB1-BB8A6545F52A}.Release|x86.Build.0 = Release|Win32
		{F4CAC718-9D69-49F0-A4B2-53B66365087D}.Debug|x64.ActiveCfg = Debug|x64
		{F4CAC718-9D69-49F0-A4B2-53B66365087D}.Debug|x64.Build.0 = Debug|x64
		{F4CAC718-9D69-49F0-A4B2-53B66365087D}.Debug|x86.ActiveCfg = Debug|Win32
		{F4CAC718-9D69-49F0-A4B2-53B66365087D}.Debug|x86.Build.0 = Debug|Win32
		{F4CAC718-9D69-49F0-A4B2-53B66365087D}.Release|x64.ActiveCfg = Release|x64
		{F4CAC718-9D69-49F0-A4B2-53B66365087D}.Release|x64.Build.0 = Release|x64
		{F4CAC718-9D69-49F0-A4B2-53B66365087D}.Release|x86.ActiveCfg = Release|Win32
		{F4CAC718-9D69-49F0-A4B2-53B66365087D}.Release|x86.Build.0 = Release|Win32
		{8E2B30FA-5DDD-419A-B931-0ED6E0101B5C}.Debug|x64.ActiveCfg = Debug|x64
		{8E2B30FA-5DDD-419A-B931-0ED6E0101B5C}.Debug|x64.Build.0 = Debug|x64
		{8E2B30FA-5DDD-419A-B931-0ED6E0101B5C}.Debug|x86.ActiveCfg = Debug|Win32
		{8E2B30FA-5DDD-419A-B931-0ED6E0101B5C}.Debug|x86.Build.0 = Debug|Win32
		{8E2B30FA-5DDD-419A-B931-0ED6E0101B5C}.Release|x64.ActiveCfg = Release|x64
		{8E2B30FA-5DDD-419A-B931-0ED6E0101B5C}.Release|x64.Build.0 = Release|x64
		{8E2B30FA-5DDD-419A-B931-0ED6E0101B5C}.Release|x86.ActiveCfg = Release|Win32
		{8E2B30FA-5DDD-419A-B931-0ED6E0101B5C}.Release|x86.Build.0 = Release|Win32
		{97463534-7773-4A53-B38E-E0508BD3B266}.Debug|x64.ActiveCfg = Debug|x64
		{97463534-7773-4A53-B38E-E0508BD3B266}.Debug|x64.Build.0 = Debug|x64
		{97463534-7773-4A53-B38E-E0508BD3B266}.Debug|x86.ActiveCfg = Debug|Win32
		{97463534-7773-4A53-B38E-E0508BD3B266}.Debug|x86.Build.0 = Debug|Win32
		{97463534-7773-4A53-B38E-E0508BD3B266}.Release|x64.ActiveCfg = Release|x64
		{97463534-7773-4A53-B38E-E0508BD3B266}.Release|x64.Build.0 = Release|x64
		{97463534-7773-4A53-B38E-E0508BD3B266}.Release|x86.ActiveCfg = Release|Win32
		{97463534-7773-4A53-B38E-E0508BD3B266}.Release|x86.Build.0 = Release|Win32
		{4763A200-BC69-4B09-B1B4-3183B591B680}.Debug|x64.ActiveCfg = Debug|x64
		{4763A200-BC69-4B09-B1B4-3183B591B680}.Debug|x64.Build.0 = Debug|x64
		{4763A200-BC69-4B09-B1B4-3183B591B680}.Debug|x86.ActiveCfg = Debug|Win32
		{4763A200-BC69-4B09-B1B4-3183B591B680}.Debug|x86.Build.0 = Debug|Win32
		{4763A200-BC69-4B09-B1B4-3183B591B680}.Release|x64.ActiveCfg = Release|x64
		{4763A200-BC69-4B09-B1B4-3183B591B680}.Release|x64.Build.0 = Release|x64
		{4763A200-BC69-4B09-B1B4-3183B591B680}.Release|x86.ActiveCfg = Release|Win32
		{4763A200-BC69-4B09-B1B4-3183B591B680}.Release|x86.Build.0 = Release|Win32
		{A31C6F14-C12F-4879-800C-E54CD7C5CFC1}.Debug|x64.ActiveCfg = Debug|x64
		{A31C6F14-C12F-4879-800C-E54CD7C5CFC1}.Debug|x64.Build.0 = Debug|x64
		{A31C6F14-C12F-4879-800C-E54CD7C5CFC1}.Debug|x86.ActiveCfg = Debug|Win32
		{A31C6F14-C12F-4879-800C-E54CD7C5CFC1}.Debug|x86.Build.0 = Debug|Win32
		{A31C6F14-C12F-4879-800C-E54CD7C5CFC1}.Release|x64.ActiveCfg = Release|x64
		{A31C6F14-C12F-4879-800C-E54CD7C5CFC1}.Release|x64.Build.0 = Release|x64
		{A31C6F14-C12F-4879-800C-E54CD7C5CFC1}.Release|x86.ActiveCfg = Release|Win32
		{A31C6F14-C12F-4879-800C-E54CD7C5CFC1}.Release|x86.Build.0 = Release|Win32
		{4815C4BF-9800-4A2C-90CB-7F77BFB49D58}.Debug|x64.ActiveCfg = Debug|x64
		{4815C4BF-9800-4A2C-90CB-7F77BFB49D58}.Debug|x64.Build.0 = Debug|x64
		{4815C4BF-9800-4A2C-90CB-7F77BFB49D58}.Debug|x86.ActiveCfg = Debug|Win32
		{4815C4BF-9800-4A2C-90CB-7F77BFB49D58}.Debug|x86.Build.0 = Debug|Win32
		{4815C4BF-9800-4A2C-90CB-7F77BFB49D58}.Release|x64.ActiveCfg = Release|x64
		{4815C4BF-9800-4A2C-90CB-7F77BFB49D58}.Release|x64.Build.0 = Release|x64
		{4815C4BF-9800-4A2C-90CB-7F77BFB49D58}.Release|x86.ActiveCfg = Release|Win32
		{4815C4BF-9800-4A2C-90CB-7F77BFB49D58}.Release|x86.Build.0 = Release|Win32
		{E1D8E1B0-E4A2-4D48-82D8-5D945994C86B}.Debug|x64.ActiveCfg = Debug|x64
		{E1D8E1B0-E4A2-4D48-82D8-5D945994C86B}.Debug|x64.Build.0 = Debug|x64
		{E1D8E1B0-E4A2-4D48-82D8-5D945994C86B}.Debug|x86.ActiveCfg = Debug|Win32
		{E1D8E1B0-E4A2-4D48-82D8-5D945994C86B}.Debug|x86.Build.0 = Debug|Win32
		{E1D8E1B0-E4A2-4D48-82D8-5D945994C86B}.Release|x64.ActiveCfg = Release|x64
		{E1D8E1B0-E4A2-4D48-82D8-5D945994C86B}.Release|x64.Build.0 = Release|x64
		{E1D8E1B0-E4A2-4D48-82D8-5D945994C86B}.Release|x86.ActiveCfg = Release|Win32
		{E1D8E1B0-E4A2-4D48-82D8-5D945994C86B}.Release|x86.Build.0 = Release|Win32
		{87FA2E0B-B553-4FBE-A4E4-D5C4390A3F17}.Debug|x64.ActiveCfg = Debug|x64
		{87FA2E0B-B553-4FBE-A4E4-D5C4390A3F17}.Debug|x64.Build.0 = Debug|x64
		{87FA2E0B-B553-4FBE-A4E4-D5C4390A3F17}.Debug|x86.ActiveCfg = Debug|Win32
		{87FA2E0B-B553-4FBE-A4E4-D5C4390A3F17}.Debug|x86.Build.0 = Debug|Win32
		{87FA2E0B-B553-4FBE-A4E4-D5C4390A3F17}.Release|x64.ActiveCfg = Release|x64
		{87FA2E0B-B553-4FBE-A4E4-D5C4390A3F17}.Release|x64.Build.0 = Release|x64
		{87FA2E0B-B553-4FBE-A4E4-D5C4390A3F17}.Release|x86.ActiveCfg = Release|Win32
		{87FA2E0B-B553-4FBE-A4E4-D5C4390A3F17}.Release|x86.Build.0 = Release|Win32
		{A64B3C92-618E-4E3B-A685-14B3D0BFC370}.Debug|x64.ActiveCfg = Debug|x64
		{A64B3C92-618E-4E3B-A685-14B3D0BFC370}.Debug|x64.Build.0 = Debug|x64
		{A64B3C92-618E-4E3B-A685-14B3D0BFC370}.Debug|x86.ActiveCfg = Debug|Win32
		{A64B3C92-618E-4E3B-A685-14B3D0BFC370}.Debug|x86.Build.0 = Debug|Win32
		{A64B3C92-618E-4E3B-A685-14B3D0BFC370}.Release|x64.ActiveCfg = Release|x64
		{A64B3C92-618E-4E3B-A685-14B3D0BFC370}.Release|x64.Build.0 = Release|x64
		{A64B3C92-618E-4E3B-A685-14B3D0BFC370}.Release|x86.ActiveCfg = Release|Win32
		{A64B3C92-618E-4E3B-A685-14B3D0BFC370}.Release|x86.Build.0 = Release|Win32
		{4EA69A23-6739-41D6-9A49-EB2378EB0FFC}.Debug|x64.ActiveCfg = Debug|x64
		{4EA69A23-6739-41D6-9A49-EB2378EB0FFC}.Debug|x64.Build.0 = Debug|x64
		{4EA69A23-6739-41D6-9A49-EB2378EB0FFC}.Debug|x86.ActiveCfg = Debug|Win32
		{4EA69A23-6739-41D6-9A49-EB2378EB0FFC}.Debug|x86.Build.0 = Debug|Win32
		{4EA69A23-6739-41D6-9A49-EB2378EB0FFC}.Release|x64.ActiveCfg = Release|x64
		{4EA69A23-6739-41D6-9A49-EB2378EB0FFC}.Release|x64.Build.0 = Release|x64
		{4EA69A23-6739-41D6-9A49-EB2378EB0FFC}.Release|x86.ActiveCfg = Release|Win32
		{4EA69A23-6739-41D6-9A49-EB2378EB0FFC}.Release|x86.Build.0 = Release|Win32
		{38620945-641E-4BE0-91BC-2A513F6CC5B2}.Debug|x64.ActiveCfg = Debug|x64
		{38620945-641E-4BE0-91BC-2A513F6CC5B2}.Debug|x64.Build.0 = Debug|x64
		{38620945-641E-4BE0-91BC-2A513F6CC5B2}.Debug|x86.ActiveCfg = Debug|Win32
		{38620945-641E-4BE0-91BC-2A513F6CC5B2}.Debug|x86.Build.0 = Debug|Win32
		{38620945-641E-4BE0-91BC-2A513F6CC5B2}.Release|x64.ActiveCfg = Release|x64
		{38620945-641E-4BE0-91BC-2A513F6CC5B2}.Release|x64.Build.0 = Release|x64
		{38620945-641E-4BE0-91BC-2A513F6CC5B2}.Release|x86.ActiveCfg = Release|Win32
		{38620945-641E-4BE0-91BC-2A513F6CC5B2}.Release|x86.Build.0 = Release|Win32
		{702D593C-4836-4EA2-9FB2-A0325883A9A5}.Debug|x64.ActiveCfg = Debug|x64
		{702D593C-4836-4EA2-9FB2-A0325883A9A5}.Debug|x64.Build.0 = Debug|x64
		{702D593C-4836-4EA2-9FB2-A0325883A9A5}.Debug|x86.ActiveCfg = Debug|Win32
		{702D593C-4836-4EA2-9FB2-A0325883A9A5}.Debug|x86.Build.0 = Debug|Win32
		{702D593C-4836-4EA2-9FB2-A0325883A9A5}.Release|x64.ActiveCfg = Release|x64
		{702D593C-4836-4EA2-9FB2-A0325883A9A5}.Release|x64.Build.0 = Release|x64
		{702D593C-4836-4EA2-9FB2-A0325883A9A5}.Release|x86.ActiveCfg = Release|Win32
		{702D593C-4836-4EA2-9FB2-A0325883A9A5}.Release|x86.Build.0 = Release|Win32
		{E5A47025-2964-4929-B2A9-E74AEDDA1859}.Debug|x64.ActiveCfg = Debug|x64
		{E5A47025-2964-4929-B2A9-E74AEDDA1859}.Debug|x64.Build.0 = Debug|x64
		{E5A47025-2964-4929-B2A9-E74AEDDA1859}.Debug|x86.ActiveCfg = Debug|Win32
		{E5A47025-2964-4929-B2A9-E74AEDDA1859}.Debug|x86.Build.0 = Debug|Win32
		{E5A47025-2964-4929-B2A9-E74AEDDA1859}.Release|x64.ActiveCfg = Release|x64
		{E5A47025-2964-4929-B2A9-E74AEDDA1859}.Release|x64.Build.0 = Release|x64
		{E5A47025-2964-4929-B2A9-E74AEDDA1859}.Release|x86.ActiveCfg = Release|Win32
		{E5A47025-2964-4929-B2A9-E74AEDDA1859}.Release|x86.Build.0 = Release|Win32
		{27308B7C-0996-4CF6-A1FE-F3A58A4429A8}.Debug|x64.ActiveCfg = Debug|x64
		{27308B7C-0996-4CF6-A1FE-F3A58A4429A8}.Debug|x64.Build.0 = Debug|x64
		{27308B7C-0996-4CF6-A1FE-F3A58A4429A8}.Debug|x86.ActiveCfg = Debug|Win32
		{27308B7C-0996-4CF6-A1FE-F3A58A4429A8}.Debug|x86.Build.0 = Debug|Win32
		{27308B7C-0996-4CF6-A1FE-F3A58A4429A8}.Release|x64.ActiveCfg = Release|x64
		{27308B7C-0996-4CF6-A1FE-F3A58A4429A8}.Release|x64.Build.0 = Release|x64
		{27308B7C-0996-4CF6-A1FE-F3A58A4429A8}.Release|x86.ActiveCfg = Release|Win32
		{27308B7C-0996-4CF6-A1FE-F3A58A4429A8}.Release|x86.Build.0 = Release|Win32
		{1B1487E1-621F-4507-B3FF-7F02970CFA46}.Debug|x64.ActiveCfg = Debug|x64
		{1B1487E1-621F-4507-B3FF-7F02970CFA46}.Debug|x64.Build.0 = Debug|x64
		{1B1487E1-621F-4507-B3FF-7F02970CFA46}.Debug|x86.ActiveCfg = Debug|Win32
		{1B1487E1-621F-4507-B3FF-7F02970CFA46}.Debug|x86.Build.0 = Debug|Win32
		{1B1487E1-621F-4507-B3FF-7F02970CFA46}.Release|x64.ActiveCfg = Release|x64
		{1B1487E1-621F-4507-B3FF-7F02970CFA46}.Release|x64.Build.0 = Release|x64
		{1B1487E1-621F-4507-B3FF-7F02970CFA46}.Release|x86.ActiveCfg = Release|Win32
		{1B1487E1-621F-4507-B3FF-7F02970CFA46}.Release|x86.Build.0 = Release|Win32
		{8CCFE18D-C507-4A25-9886-2C399527AABB}.Debug|x64.ActiveCfg = Debug|x64
		{8CCFE18D-C507-4A25-9886-2C399527AABB}.Debug|x64.Build.0 = Debug|x64
		{8CCFE18D-C507-4A25-9886-2C399527AABB}.Debug|x86.ActiveCfg = Debug|Win32
		{8CCFE18D-C507-4A25-9886-2C399527AABB}.Debug|x86.Build.0 = Debug|Win32
		{8CCFE18D-C507-4A25-9886-2C399527AABB}.Release|x64.ActiveCfg = Release|x64
		{8CCFE18D-C507-4A25-9886-2C399527AABB}.Release|x64.Build.0 = Release|x64
		{8CCFE18D-C507-4A25-9886-2C399527AABB}.Release|x86.ActiveCfg = Release|Win32
		{8CCFE18D-C507-4A25-9886-2C399527AABB}.Release|x86.Build.0 = Release|Win32
		{8D8D4FB1-9427-475D-A66F-C13F582E4FD7}.Debug|x64.ActiveCfg = Debug|x64
		{8D8D4FB1-9427-475D-A66F-C13F582E4FD7}.Debug|x64.Build.0 = Debug|x64
		{8D8D4FB1-9427-475D-A66F-C13F582E4FD7}.Debug|x86.ActiveCfg = Debug|Win32
		{8D8D4FB1-9427-475D-A66F-C13F582E4FD7}.Debug|x86.Build.0 = Debug|Win32
		{8D8D4FB1-9427-475D-A66F-C13F582E4FD7}.Release|x64.ActiveCfg = Release|x64
		{8D8D4FB1-9427-475D-A66F-C13F582E4FD7}.Release|x64.Build.0 = Release|x64
		{8D8D4FB1-9427-475D-A66F-C13F582E4FD7}.Release|x86.ActiveCfg = Release|Win32
		{8D8D4FB1-9427-475D-A66F-C13F582E4FD7}.Release|x86.Build.0 = Release|Win32
		{19DB8E9A-3CAE-4D48-88C4-FFB66E03DFAA}.Debug|x64.ActiveCfg = Debug|x64
		{19DB8E9A-3CAE-4D48-88C4-FFB66E03DFAA}.Debug|x64.Build.0 = Debug|x64
		{19DB8E9A-3CAE-4D48-88C4-FFB66E03DFAA}.Debug|x86.ActiveCfg = Debug|Win32
		{19DB8E9A-3CAE-4D48-88C4-FFB66E03DFAA}.Debug|x86.Build.0 = Debug|Win32
		{19DB8E9A-3CAE-4D48-88C4-FFB66E03DFAA}.Release|x64.ActiveCfg = Release|x64
		{19DB8E9A-3CAE-4D48-88C4-FFB66E03DFAA}.Release|x64.Build.0 = Release|x64
		{19DB8E9A-3CAE-4D48-88C4-FFB66E03DFAA}.Release|x86.ActiveCfg = Release|Win32
		{19DB8E9A-3CAE-4D48-88C4-FFB66E03DFAA}.Release|x86.Build.0 = Release|Win32
		{E5D9D2D9-144E-41B4-A336-306AB34F1497}.Debug|x64.ActiveCfg = Debug|x64
		{E5D9D2D9-144E-41B4-A336-306AB34F1497}.Debug|x64.Build.0 = Debug|x64
		{E5D9D2D9-144E-41B4-A336-306AB34F1497}.Debug|x86.ActiveCfg = Debug|Win32
		{E5D9D2D9-144E-41B4-A336-306AB34F1497}.Debug|x86.Build.0 = Debug|Win32
		{E5D9D2D9-144E-41B4-A336-306AB34F1497}.Release|x64.ActiveCfg = Release|x64
		{E5D9D2D9-144E-41B4-A336-306AB34F1497}.Release|x64.Build.0 = Release|x64
		{E5D9D2D9-144E-41B4-A336-306AB34F1497}.Release|x86.ActiveCfg = Release|Win32
		{E5D9D2D9-144E-41B4-A336-306AB34F1497}.Release|x86.Build.0 = Release|Win32
	EndGlobalSection
	GlobalSection(SolutionProperties) = preSolution
		HideSolutionNode = FALSE
	EndGlobalSection
	GlobalSection(ExtensibilityGlobals) = postSolution
		SolutionGuid = {C57B6137-06F7-4E8B-9506-6B36DF19B90A}
	EndGlobalSection
EndGlobal
